<?xml version="1.0" encoding="utf-8"?>
<Project IdeasVersion="4.0" xmlns="http://schemas.microsoft.com/developer/msbuild/2003">
  <ItemGroup>
    <Filter Include="Source Files">
      <UniqueIdentifier>{4FC737F1-C7A5-4376-A066-2A32D752A2FF}</UniqueIdentifier>
      <Extensions>cpp;c;cc;cxx;c++;def;odl;idl;hpj;bat;asm;asmx</Extensions>
    </Filter>
    <Filter Include="Header Files">
      <UniqueIdentifier>{93995380-89BD-4b04-88EB-625FBE52EBFB}</UniqueIdentifier>
      <Extensions>h;hh;hpp;hxx;h++;hm;inl;inc;ipp;xsd</Extensions>
    </Filter>
    <Filter Include="Resource Files">
      <UniqueIdentifier>{67DA6AB6-F800-4c08-8B7A-83BB121AAD01}</UniqueIdentifier>
      <Extensions>rc;ico;cur;bmp;dlg;rc2;rct;bin;rgs;gif;jpg;jpeg;jpe;resx;tiff;tif;png;wav;mfcribbon-ms</Extensions>
    </Filter>
  </ItemGroup>
  <ItemGroup>
    <ClCompile Include="stdafx.cpp">
      <Filter>Source Files</Filter>
    </ClCompile>
    <ClCompile Include="Compiler_Intrinsic_Test.cpp">
      <Filter>Source Files</Filter>
    </ClCompile>
    <ClCompile Include="CPU_Props.cpp">
      <Filter>Source Files</Filter>
    </ClCompile>
    <ClCompile Include="InstLatX64_Demo.cpp">
      <Filter>Source Files</Filter>
    </ClCompile>
    <ClCompile Include="GFNI_Demo_Test.cpp">
      <Filter>Source Files</Filter>
    </ClCompile>
    <ClCompile Include="VBMI2_Demo_Test.cpp">
      <Filter>Source Files</Filter>
    </ClCompile>
    <ClCompile Include="VPCLMULQDQ_Demo_Test.cpp">
      <Filter>Source Files</Filter>
    </ClCompile>
    <ClCompile Include="VPCLMULQDQ_Demo.cpp">
      <Filter>Source Files</Filter>
    </ClCompile>
    <ClCompile Include="PEXT_PDEP_Emu.cpp">
      <Filter>Source Files</Filter>
    </ClCompile>
    <ClCompile Include="512bFMA_DP_Ports.cpp">
      <Filter>Source Files</Filter>
    </ClCompile>
    <ClCompile Include="Byte2Byte.cpp">
      <Filter>Source Files</Filter>
    </ClCompile>
    <ClCompile Include="TZCNT_Demo.cpp">
      <Filter>Source Files</Filter>
    </ClCompile>
      <ClCompile Include="SIMD_PEXT_PDEP_Demo.cpp">
      <Filter>Source Files</Filter>
    </ClCompile>
    <ClCompile Include="Kmov_Test.cpp">
      <Filter>Source Files</Filter>
    </ClCompile>
      <ClCompile Include="AMX_Demo.cpp">
      <Filter>Source Files</Filter>
    </ClCompile>
    <ClCompile Include="AVX512_DecimalPrint.cpp">
      <Filter>Source Files</Filter>
    </ClCompile>
    <ClCompile Include="Args.cpp">
      <Filter>Source Files</Filter>
    </ClCompile>
    <ClCompile Include="Misc.cpp">
      <Filter>Source Files</Filter>
    </ClCompile>
    <ClCompile Include="AVX512_KMemDst.cpp">
      <Filter>Source Files</Filter>
    </ClCompile>
</ItemGroup>
  <ItemGroup>
    <ClInclude Include="stdafx.h">
      <Filter>Header Files</Filter>
    </ClInclude>
    <ClInclude Include="targetver.h">
      <Filter>Header Files</Filter>
    </ClInclude>
    <ClInclude Include="GFNI_Demo.h">
      <Filter>Header Files</Filter>
    </ClInclude>
    <ClInclude Include="InstLatX64_Demo.h">
      <Filter>Header Files</Filter>
    </ClInclude>
    <ClInclude Include="VPCLMULQDQ_Demo.h">
      <Filter>Header Files</Filter>
    </ClInclude>
    <ClInclude Include="VBMI2_Demo.h">
      <Filter>Header Files</Filter>
    </ClInclude>
    <ClInclude Include="CPU_Props.h">
      <Filter>Header Files</Filter>
    </ClInclude>
    <ClInclude Include="PEXT_PDEP_Emu.h">
      <Filter>Header Files</Filter>
    </ClInclude>
    <ClInclude Include="512bFMA_DP_Ports.h">
      <Filter>Header Files</Filter>
    </ClInclude>
    <ClInclude Include="Byte2Byte.h">
      <Filter>Header Files</Filter>
    </ClInclude>
    <ClInclude Include="TZCNT_Demo.h">
      <Filter>Header Files</Filter>
    </ClInclude>
      <ClInclude Include="SIMD_PEXT_PDEP_Demo.h">
      <Filter>Header Files</Filter>
    </ClInclude>
    <ClInclude Include="KmovTest.h">
      <Filter>Header Files</Filter>
    </ClInclude>
    <ClInclude Include="AMX_Demo.h">
      <Filter>Header Files</Filter>
    </ClInclude>
    <ClInclude Include="AVX512_DecimalPrint.h">
      <Filter>Header Files</Filter>
    </ClInclude>
    <ClInclude Include="Args.h">
      <Filter>Header Files</Filter>
    </ClInclude>
     <ClInclude Include="Misc.h">
      <Filter>Header Files</Filter>
    </ClInclude>
    <ClInclude Include="Compiler_Intrinsic_Test.h">
      <Filter>Header Files</Filter>
    </ClInclude>
    <ClInclude Include="AVX512_String_Table.h">
      <Filter>Header Files</Filter>
    </ClInclude>
    <ClInclude Include="AVX512_KMemDst.h">
      <Filter>Header Files</Filter>
    </ClInclude>
</ItemGroup>
  <ItemGroup>
    <MASM Include="512bFMA_DP_Ports_Asm.asm">
      <Filter>Source Files</Filter>
    </MASM>
    <MASM Include="Byte2Byte_Asm.asm">
      <Filter>Source Files</Filter>
    </MASM>
    <MASM Include="TZCNT_Demo_Asm.asm">
      <Filter>Source Files</Filter>
    </MASM>
    <MASM Include="SIMD_PEXT_PDEP_Demo_Asm.asm">
      <Filter>Source Files</Filter>
    </MASM>
    <MASM Include="KmovTest_Asm.asm">
      <Filter>Source Files</Filter>
    </MASM>
    <MASM Include="AVX512IFMA_DecimalPrint_Asm.asm">
      <Filter>Source Files</Filter>
    </MASM>
    <MASM Include="AVX512F_DecimalPrint_Asm.asm">
      <Filter>Source Files</Filter>
    </MASM>
    <MASM Include="AVX512_KMemDst_Asm.asm">
      <Filter>Source Files</Filter>
    </MASM>
  </ItemGroup>
</Project>