
Microsoft Visual Studio Solution File, Format Version 12.00
# Visual Studio Version 16
VisualStudioVersion = 16.0.30204.135
MinimumVisualStudioVersion = 10.0.40219.1
Project("{8BC9CEB8-8B4A-11D0-8D11-00A0C91BC942}") = "InstLatX64_Demo", "InstLatX64_Demo.vcxproj", "{AA410AE3-620A-46C2-8DC8-345AC1644E24}"
EndProject
Global
	GlobalSection(SolutionConfigurationPlatforms) = preSolution
		Debug_AVX2|x32 = Debug_AVX2|x32
		Debug_AVX2|x64 = Debug_AVX2|x64
		Debug_AVX512|x32 = Debug_AVX512|x32
		Debug_AVX512|x64 = Debug_AVX512|x64
		Debug_SSE|x32 = Debug_SSE|x32
		Debug_SSE|x64 = Debug_SSE|x64
		Release_AVX2|x32 = Release_AVX2|x32
		Release_AVX2|x64 = Release_AVX2|x64
		Release_AVX512|x32 = Release_AVX512|x32
		Release_AVX512|x64 = Release_AVX512|x64
		Release_SSE|x32 = Release_SSE|x32
		Release_SSE|x64 = Release_SSE|x64
	EndGlobalSection
	GlobalSection(ProjectConfigurationPlatforms) = postSolution
		{AA410AE3-620A-46C2-8DC8-345AC1644E24}.Debug_AVX2|x32.ActiveCfg = Debug_AVX2|Win32
		{AA410AE3-620A-46C2-8DC8-345AC1644E24}.Debug_AVX2|x32.Build.0 = Debug_AVX2|Win32
		{AA410AE3-620A-46C2-8DC8-345AC1644E24}.Debug_AVX2|x64.ActiveCfg = Debug_AVX2|x64
		{AA410AE3-620A-46C2-8DC8-345AC1644E24}.Debug_AVX2|x64.Build.0 = Debug_AVX2|x64
		{AA410AE3-620A-46C2-8DC8-345AC1644E24}.Debug_AVX512|x32.ActiveCfg = Debug_AVX512|Win32
		{AA410AE3-620A-46C2-8DC8-345AC1644E24}.Debug_AVX512|x32.Build.0 = Debug_AVX512|Win32
		{AA410AE3-620A-46C2-8DC8-345AC1644E24}.Debug_AVX512|x64.ActiveCfg = Debug_AVX512|x64
		{AA410AE3-620A-46C2-8DC8-345AC1644E24}.Debug_AVX512|x64.Build.0 = Debug_AVX512|x64
		{AA410AE3-620A-46C2-8DC8-345AC1644E24}.Debug_SSE|x32.ActiveCfg = Debug_SSE|Win32
		{AA410AE3-620A-46C2-8DC8-345AC1644E24}.Debug_SSE|x32.Build.0 = Debug_SSE|Win32
		{AA410AE3-620A-46C2-8DC8-345AC1644E24}.Debug_SSE|x64.ActiveCfg = Debug_SSE|x64
		{AA410AE3-620A-46C2-8DC8-345AC1644E24}.Debug_SSE|x64.Build.0 = Debug_SSE|x64
		{AA410AE3-620A-46C2-8DC8-345AC1644E24}.Release_AVX2|x32.ActiveCfg = Release_AVX2|Win32
		{AA410AE3-620A-46C2-8DC8-345AC1644E24}.Release_AVX2|x32.Build.0 = Release_AVX2|Win32
		{AA410AE3-620A-46C2-8DC8-345AC1644E24}.Release_AVX2|x64.ActiveCfg = Release_AVX2|x64
		{AA410AE3-620A-46C2-8DC8-345AC1644E24}.Release_AVX2|x64.Build.0 = Release_AVX2|x64
		{AA410AE3-620A-46C2-8DC8-345AC1644E24}.Release_AVX512|x32.ActiveCfg = Release_AVX512|Win32
		{AA410AE3-620A-46C2-8DC8-345AC1644E24}.Release_AVX512|x32.Build.0 = Release_AVX512|Win32
		{AA410AE3-620A-46C2-8DC8-345AC1644E24}.Release_AVX512|x64.ActiveCfg = Release_AVX512|x64
		{AA410AE3-620A-46C2-8DC8-345AC1644E24}.Release_AVX512|x64.Build.0 = Release_AVX512|x64
		{AA410AE3-620A-46C2-8DC8-345AC1644E24}.Release_SSE|x32.ActiveCfg = Release_SSE|Win32
		{AA410AE3-620A-46C2-8DC8-345AC1644E24}.Release_SSE|x32.Build.0 = Release_SSE|Win32
		{AA410AE3-620A-46C2-8DC8-345AC1644E24}.Release_SSE|x64.ActiveCfg = Release_SSE|x64
		{AA410AE3-620A-46C2-8DC8-345AC1644E24}.Release_SSE|x64.Build.0 = Release_SSE|x64
	EndGlobalSection
	GlobalSection(SolutionProperties) = preSolution
		HideSolutionNode = FALSE
	EndGlobalSection
	GlobalSection(ExtensibilityGlobals) = postSolution
		SolutionGuid = {AFC14262-C3E3-4F51-85F3-F1095E229AEE}
	EndGlobalSection
EndGlobal
